Microsoft Visual Studio Solution File, Format Version 12.00
# Visual Studio Version 17
VisualStudioVersion = 17.5.2.0
MinimumVisualStudioVersion = 10.0.40219.1
Project("{FAE04EC0-301F-11D3-BF4B-00C04F79EFBC}") = "my-dotnet-backend-service", "my-dotnet-backend-service.csproj", "{9EDD6C67-5F7A-FE2C-4CD5-83308267EB80}"
EndProject
Global
	GlobalSection(SolutionConfigurationPlatforms) = preSolution
		Debug|Any CPU = Debug|Any CPU
		Release|Any CPU = Release|Any CPU
	EndGlobalSection
	GlobalSection(ProjectConfigurationPlatforms) = postSolution
		{9EDD6C67-5F7A-FE2C-4CD5-83308267EB80}.Debug|Any CPU.ActiveCfg = Debug|Any CPU
		{9EDD6C67-5F7A-FE2C-4CD5-83308267EB80}.Debug|Any CPU.Build.0 = Debug|Any CPU
		{9EDD6C67-5F7A-FE2C-4CD5-83308267EB80}.Release|Any CPU.ActiveCfg = Release|Any CPU
		{9EDD6C67-5F7A-FE2C-4CD5-83308267EB80}.Release|Any CPU.Build.0 = Release|Any CPU
	EndGlobalSection
	GlobalSection(SolutionProperties) = preSolution
		HideSolutionNode = FALSE
	EndGlobalSection
	GlobalSection(ExtensibilityGlobals) = postSolution
		SolutionGuid = {26BB7210-F0A3-47D2-A577-25FB9870F113}
	EndGlobalSection
EndGlobal
